// !$*UTF8*$!
{
	archiveVersion = 1;
	classes = {
	};
	objectVersion = 50;
	objects = {

/* Begin PBXBuildFile section */
		DF0962F4223DAE4B0013EB43 /* NGLCamera.m in Sources */ = {isa = PBXBuildFile; fileRef = DF0962F3223DAE4B0013EB43 /* NGLCamera.m */; };
		DF0B506D225E9DD9005620CA /* Dog.obj in Resources */ = {isa = PBXBuildFile; fileRef = DF0B506A225E9DD9005620CA /* Dog.obj */; };
		DF0B506E225E9DD9005620CA /* Dog.mtl in Resources */ = {isa = PBXBuildFile; fileRef = DF0B506B225E9DD9005620CA /* Dog.mtl */; };
		DF0B506F225E9DD9005620CA /* Dog_diffuse.jpg in Resources */ = {isa = PBXBuildFile; fileRef = DF0B506C225E9DD9005620CA /* Dog_diffuse.jpg */; };
		DF0B5073225E9F36005620CA /* Dog.m in Sources */ = {isa = PBXBuildFile; fileRef = DF0B5072225E9F36005620CA /* Dog.m */; };
		DF0B5075225EA1CB005620CA /* EnemyController.m in Sources */ = {isa = PBXBuildFile; fileRef = DF0B5074225EA1CB005620CA /* EnemyController.m */; };
		DF0CB2B6223A024D00C45BE3 /* icon.png in Resources */ = {isa = PBXBuildFile; fileRef = DF0CB2B5223A024D00C45BE3 /* icon.png */; };
		DF2166802243157E00E3114C /* brick.obj in Resources */ = {isa = PBXBuildFile; fileRef = DF21667B2243157D00E3114C /* brick.obj */; };
		DF2166812243157E00E3114C /* brick.png in Resources */ = {isa = PBXBuildFile; fileRef = DF21667C2243157D00E3114C /* brick.png */; };
		DF2166822243157E00E3114C /* brick.mtl in Resources */ = {isa = PBXBuildFile; fileRef = DF21667D2243157D00E3114C /* brick.mtl */; };
		DF2166832243157E00E3114C /* ObjBrick.mm in Sources */ = {isa = PBXBuildFile; fileRef = DF21667E2243157E00E3114C /* ObjBrick.mm */; };
		DF216685224317A100E3114C /* NGLModel.mm in Sources */ = {isa = PBXBuildFile; fileRef = DF216684224317A100E3114C /* NGLModel.mm */; };
		DF21668C2243409C00E3114C /* Cube.mm in Sources */ = {isa = PBXBuildFile; fileRef = DF21668A2243409C00E3114C /* Cube.mm */; };
		DF2CB4D02221F20D00692105 /* ZLModel.mm in Sources */ = {isa = PBXBuildFile; fileRef = DF2CB4CF2221F20D00692105 /* ZLModel.mm */; };
		DF2CB4D32221F25100692105 /* Wall.mm in Sources */ = {isa = PBXBuildFile; fileRef = DF2CB4D22221F25100692105 /* Wall.mm */; };
		DF5FC1B32235A16600C06A6D /* floor.jpg in Resources */ = {isa = PBXBuildFile; fileRef = DF5FC1B22235A16600C06A6D /* floor.jpg */; };
		DF5FC1B72235B99900C06A6D /* crate.jpg in Resources */ = {isa = PBXBuildFile; fileRef = DF5FC1B62235B99900C06A6D /* crate.jpg */; };
		DF5FC1BA22361E3F00C06A6D /* MinimapViewController.xib in Resources */ = {isa = PBXBuildFile; fileRef = DF5FC1B922361E3F00C06A6D /* MinimapViewController.xib */; };
		DF5FC1BC22361E5B00C06A6D /* MinimapViewController.mm in Sources */ = {isa = PBXBuildFile; fileRef = DF5FC1BB22361E5B00C06A6D /* MinimapViewController.mm */; };
		DFA22276220B7F06002F22F9 /* AppDelegate.m in Sources */ = {isa = PBXBuildFile; fileRef = DFA22275220B7F06002F22F9 /* AppDelegate.m */; };
		DFA22279220B7F06002F22F9 /* ViewController.mm in Sources */ = {isa = PBXBuildFile; fileRef = DFA22278220B7F06002F22F9 /* ViewController.mm */; };
		DFA2227C220B7F06002F22F9 /* Main.storyboard in Resources */ = {isa = PBXBuildFile; fileRef = DFA2227A220B7F06002F22F9 /* Main.storyboard */; };
		DFA2227E220B7F06002F22F9 /* Assets.xcassets in Resources */ = {isa = PBXBuildFile; fileRef = DFA2227D220B7F06002F22F9 /* Assets.xcassets */; };
		DFA22281220B7F06002F22F9 /* LaunchScreen.storyboard in Resources */ = {isa = PBXBuildFile; fileRef = DFA2227F220B7F06002F22F9 /* LaunchScreen.storyboard */; };
		DFA22284220B7F06002F22F9 /* main.m in Sources */ = {isa = PBXBuildFile; fileRef = DFA22283220B7F06002F22F9 /* main.m */; };
		DFA2228E220B7F07002F22F9 /* MazeTests.m in Sources */ = {isa = PBXBuildFile; fileRef = DFA2228D220B7F07002F22F9 /* MazeTests.m */; };
		DFA22299220B7F07002F22F9 /* MazeUITests.m in Sources */ = {isa = PBXBuildFile; fileRef = DFA22298220B7F07002F22F9 /* MazeUITests.m */; };
		DFA222AA220B7F28002F22F9 /* DisjointSet.cpp in Sources */ = {isa = PBXBuildFile; fileRef = DFA222A6220B7F27002F22F9 /* DisjointSet.cpp */; };
		DFA222AB220B7F28002F22F9 /* maze.cpp in Sources */ = {isa = PBXBuildFile; fileRef = DFA222A9220B7F28002F22F9 /* maze.cpp */; };
		DFA222AD220B8136002F22F9 /* MazeRenderer.mm in Sources */ = {isa = PBXBuildFile; fileRef = DFA222AC220B8136002F22F9 /* MazeRenderer.mm */; };
		DFA222B4220B89F9002F22F9 /* GLESRenderer.cpp in Sources */ = {isa = PBXBuildFile; fileRef = DFA222B1220B89F9002F22F9 /* GLESRenderer.cpp */; };
		DFDC8A9E222F1FE400F5F499 /* NGLView.m in Sources */ = {isa = PBXBuildFile; fileRef = DFDC8A9D222F1FE400F5F499 /* NGLView.m */; };
		DFDC8AA3222F6C2300F5F499 /* NGLEngine.m in Sources */ = {isa = PBXBuildFile; fileRef = DFDC8AA2222F6C2300F5F499 /* NGLEngine.m */; };
		DFDC8AA5222F6C3700F5F499 /* NGLFunctions.m in Sources */ = {isa = PBXBuildFile; fileRef = DFDC8AA4222F6C3700F5F499 /* NGLFunctions.m */; };
		DFFB7D87223F4F11002EE010 /* Model3D.mm in Sources */ = {isa = PBXBuildFile; fileRef = DFFB7D81223F4F10002EE010 /* Model3D.mm */; };
		DFFB7D88223F4F11002EE010 /* GLUtils.m in Sources */ = {isa = PBXBuildFile; fileRef = DFFB7D82223F4F11002EE010 /* GLUtils.m */; };
		DFFB7D89223F4F11002EE010 /* Texture2D.mm in Sources */ = {isa = PBXBuildFile; fileRef = DFFB7D83223F4F11002EE010 /* Texture2D.mm */; };
		DFFB7D90223F5228002EE010 /* ObjSample.mm in Sources */ = {isa = PBXBuildFile; fileRef = DFFB7D8C223F5228002EE010 /* ObjSample.mm */; };
		DFFB7D91223F5228002EE010 /* sample.mtl in Resources */ = {isa = PBXBuildFile; fileRef = DFFB7D8D223F5228002EE010 /* sample.mtl */; };
		DFFB7D92223F5228002EE010 /* sample.jpg in Resources */ = {isa = PBXBuildFile; fileRef = DFFB7D8E223F5228002EE010 /* sample.jpg */; };
		DFFB7D93223F5228002EE010 /* sample.obj in Resources */ = {isa = PBXBuildFile; fileRef = DFFB7D8F223F5228002EE010 /* sample.obj */; };
		DFFC1163223190B9001DB2CF /* NGLProgram.m in Sources */ = {isa = PBXBuildFile; fileRef = DFFC1162223190B9001DB2CF /* NGLProgram.m */; };
		DFFC11672231E967001DB2CF /* MazeView.mm in Sources */ = {isa = PBXBuildFile; fileRef = DFFC11662231E967001DB2CF /* MazeView.mm */; };
		DFFC116A2231F71D001DB2CF /* Shader.vertsh in Resources */ = {isa = PBXBuildFile; fileRef = DFFC11682231F71D001DB2CF /* Shader.vertsh */; };
		DFFC116B2231F71D001DB2CF /* Shader.fragsh in Resources */ = {isa = PBXBuildFile; fileRef = DFFC11692231F71D001DB2CF /* Shader.fragsh */; };
		DFFC1170223228CE001DB2CF /* south.jpg in Resources */ = {isa = PBXBuildFile; fileRef = DFFC116C223228CE001DB2CF /* south.jpg */; };
		DFFC1171223228CE001DB2CF /* north.jpg in Resources */ = {isa = PBXBuildFile; fileRef = DFFC116D223228CE001DB2CF /* north.jpg */; };
		DFFC1172223228CE001DB2CF /* east.jpg in Resources */ = {isa = PBXBuildFile; fileRef = DFFC116E223228CE001DB2CF /* east.jpg */; };
		DFFC1173223228CE001DB2CF /* west.jpg in Resources */ = {isa = PBXBuildFile; fileRef = DFFC116F223228CE001DB2CF /* west.jpg */; };
		DFFC11792233187F001DB2CF /* NGLTextureCache.m in Sources */ = {isa = PBXBuildFile; fileRef = DFFC11782233187F001DB2CF /* NGLTextureCache.m */; };
		DFFC117B22332B54001DB2CF /* NGLTexture.m in Sources */ = {isa = PBXBuildFile; fileRef = DFFC117A22332B54001DB2CF /* NGLTexture.m */; };
		DFFC118022344BCD001DB2CF /* NGLShader.m in Sources */ = {isa = PBXBuildFile; fileRef = DFFC117F22344BCD001DB2CF /* NGLShader.m */; };
		DFFC11A12234AF06001DB2CF /* NGLObject.m in Sources */ = {isa = PBXBuildFile; fileRef = DFFC11A02234AF06001DB2CF /* NGLObject.m */; };
/* End PBXBuildFile section */

/* Begin PBXContainerItemProxy section */
		DFA2228A220B7F07002F22F9 /* PBXContainerItemProxy */ = {
			isa = PBXContainerItemProxy;
			containerPortal = DFA22269220B7F06002F22F9 /* Project object */;
			proxyType = 1;
			remoteGlobalIDString = DFA22270220B7F06002F22F9;
			remoteInfo = Maze;
		};
		DFA22295220B7F07002F22F9 /* PBXContainerItemProxy */ = {
			isa = PBXContainerItemProxy;
			containerPortal = DFA22269220B7F06002F22F9 /* Project object */;
			proxyType = 1;
			remoteGlobalIDString = DFA22270220B7F06002F22F9;
			remoteInfo = Maze;
		};
/* End PBXContainerItemProxy section */

/* Begin PBXFileReference section */
		DF0962F2223DAE340013EB43 /* NGLCamera.h */ = {isa = PBXFileReference; lastKnownFileType = sourcecode.c.h; path = NGLCamera.h; sourceTree = "<group>"; };
		DF0962F3223DAE4B0013EB43 /* NGLCamera.m */ = {isa = PBXFileReference; lastKnownFileType = sourcecode.c.objc; path = NGLCamera.m; sourceTree = "<group>"; };
		DF0B506A225E9DD9005620CA /* Dog.obj */ = {isa = PBXFileReference; fileEncoding = 4; lastKnownFileType = text; path = Dog.obj; sourceTree = "<group>"; };
		DF0B506B225E9DD9005620CA /* Dog.mtl */ = {isa = PBXFileReference; fileEncoding = 4; lastKnownFileType = text; path = Dog.mtl; sourceTree = "<group>"; };
		DF0B506C225E9DD9005620CA /* Dog_diffuse.jpg */ = {isa = PBXFileReference; lastKnownFileType = image.jpeg; path = Dog_diffuse.jpg; sourceTree = "<group>"; };
		DF0B5071225E9F25005620CA /* Dog.h */ = {isa = PBXFileReference; lastKnownFileType = sourcecode.c.h; path = Dog.h; sourceTree = "<group>"; };
		DF0B5072225E9F36005620CA /* Dog.m */ = {isa = PBXFileReference; lastKnownFileType = sourcecode.c.objc; path = Dog.m; sourceTree = "<group>"; };
		DF0B5074225EA1CB005620CA /* EnemyController.m */ = {isa = PBXFileReference; lastKnownFileType = sourcecode.c.objc; path = EnemyController.m; sourceTree = "<group>"; };
		DF0B5076225EA1DD005620CA /* EnemyController.h */ = {isa = PBXFileReference; lastKnownFileType = sourcecode.c.h; path = EnemyController.h; sourceTree = "<group>"; };
		DF0CB2B5223A024D00C45BE3 /* icon.png */ = {isa = PBXFileReference; lastKnownFileType = image.png; name = icon.png; path = Assets/icon.png; sourceTree = "<group>"; };
		DF21667B2243157D00E3114C /* brick.obj */ = {isa = PBXFileReference; fileEncoding = 4; lastKnownFileType = text; path = brick.obj; sourceTree = "<group>"; };
		DF21667C2243157D00E3114C /* brick.png */ = {isa = PBXFileReference; lastKnownFileType = image.png; path = brick.png; sourceTree = "<group>"; };
		DF21667D2243157D00E3114C /* brick.mtl */ = {isa = PBXFileReference; fileEncoding = 4; lastKnownFileType = text; path = brick.mtl; sourceTree = "<group>"; };
		DF21667E2243157E00E3114C /* ObjBrick.mm */ = {isa = PBXFileReference; fileEncoding = 4; lastKnownFileType = sourcecode.cpp.objcpp; path = ObjBrick.mm; sourceTree = "<group>"; };
		DF21667F2243157E00E3114C /* ObjBrick.h */ = {isa = PBXFileReference; fileEncoding = 4; lastKnownFileType = sourcecode.c.h; path = ObjBrick.h; sourceTree = "<group>"; };
		DF216684224317A100E3114C /* NGLModel.mm */ = {isa = PBXFileReference; lastKnownFileType = sourcecode.cpp.objcpp; path = NGLModel.mm; sourceTree = "<group>"; };
		DF216686224317B300E3114C /* NGLModel.h */ = {isa = PBXFileReference; lastKnownFileType = sourcecode.c.h; path = NGLModel.h; sourceTree = "<group>"; };
		DF21668A2243409C00E3114C /* Cube.mm */ = {isa = PBXFileReference; fileEncoding = 4; lastKnownFileType = sourcecode.cpp.objcpp; path = Cube.mm; sourceTree = "<group>"; };
		DF21668B2243409C00E3114C /* Cube.h */ = {isa = PBXFileReference; fileEncoding = 4; lastKnownFileType = sourcecode.c.h; path = Cube.h; sourceTree = "<group>"; };
		DF2CB4CF2221F20D00692105 /* ZLModel.mm */ = {isa = PBXFileReference; lastKnownFileType = sourcecode.cpp.objcpp; path = ZLModel.mm; sourceTree = "<group>"; };
		DF2CB4D12221F22800692105 /* ZLModel.h */ = {isa = PBXFileReference; lastKnownFileType = sourcecode.c.h; path = ZLModel.h; sourceTree = "<group>"; };
		DF2CB4D22221F25100692105 /* Wall.mm */ = {isa = PBXFileReference; lastKnownFileType = sourcecode.cpp.objcpp; path = Wall.mm; sourceTree = "<group>"; };
		DF2CB4D42221F26100692105 /* Wall.h */ = {isa = PBXFileReference; lastKnownFileType = sourcecode.c.h; path = Wall.h; sourceTree = "<group>"; };
		DF5FC1B22235A16600C06A6D /* floor.jpg */ = {isa = PBXFileReference; lastKnownFileType = image.jpeg; path = floor.jpg; sourceTree = "<group>"; };
		DF5FC1B62235B99900C06A6D /* crate.jpg */ = {isa = PBXFileReference; lastKnownFileType = image.jpeg; path = crate.jpg; sourceTree = "<group>"; };
		DF5FC1B922361E3F00C06A6D /* MinimapViewController.xib */ = {isa = PBXFileReference; lastKnownFileType = file.xib; path = MinimapViewController.xib; sourceTree = "<group>"; };
		DF5FC1BB22361E5B00C06A6D /* MinimapViewController.mm */ = {isa = PBXFileReference; lastKnownFileType = sourcecode.cpp.objcpp; path = MinimapViewController.mm; sourceTree = "<group>"; };
		DF5FC1BD22361E6C00C06A6D /* MinimapViewController.h */ = {isa = PBXFileReference; lastKnownFileType = sourcecode.c.h; path = MinimapViewController.h; sourceTree = "<group>"; };
		DFA22271220B7F06002F22F9 /* Maze.app */ = {isa = PBXFileReference; explicitFileType = wrapper.application; includeInIndex = 0; path = Maze.app; sourceTree = BUILT_PRODUCTS_DIR; };
		DFA22274220B7F06002F22F9 /* AppDelegate.h */ = {isa = PBXFileReference; lastKnownFileType = sourcecode.c.h; path = AppDelegate.h; sourceTree = "<group>"; };
		DFA22275220B7F06002F22F9 /* AppDelegate.m */ = {isa = PBXFileReference; lastKnownFileType = sourcecode.c.objc; path = AppDelegate.m; sourceTree = "<group>"; };
		DFA22277220B7F06002F22F9 /* ViewController.h */ = {isa = PBXFileReference; lastKnownFileType = sourcecode.c.h; path = ViewController.h; sourceTree = "<group>"; };
		DFA22278220B7F06002F22F9 /* ViewController.mm */ = {isa = PBXFileReference; lastKnownFileType = sourcecode.cpp.objcpp; path = ViewController.mm; sourceTree = "<group>"; };
		DFA2227B220B7F06002F22F9 /* Base */ = {isa = PBXFileReference; lastKnownFileType = file.storyboard; name = Base; path = Base.lproj/Main.storyboard; sourceTree = "<group>"; };
		DFA2227D220B7F06002F22F9 /* Assets.xcassets */ = {isa = PBXFileReference; lastKnownFileType = folder.assetcatalog; path = Assets.xcassets; sourceTree = "<group>"; };
		DFA22280220B7F06002F22F9 /* Base */ = {isa = PBXFileReference; lastKnownFileType = file.storyboard; name = Base; path = Base.lproj/LaunchScreen.storyboard; sourceTree = "<group>"; };
		DFA22282220B7F06002F22F9 /* Info.plist */ = {isa = PBXFileReference; lastKnownFileType = text.plist.xml; path = Info.plist; sourceTree = "<group>"; };
		DFA22283220B7F06002F22F9 /* main.m */ = {isa = PBXFileReference; lastKnownFileType = sourcecode.c.objc; path = main.m; sourceTree = "<group>"; };
		DFA22289220B7F07002F22F9 /* MazeTests.xctest */ = {isa = PBXFileReference; explicitFileType = wrapper.cfbundle; includeInIndex = 0; path = MazeTests.xctest; sourceTree = BUILT_PRODUCTS_DIR; };
		DFA2228D220B7F07002F22F9 /* MazeTests.m */ = {isa = PBXFileReference; lastKnownFileType = sourcecode.c.objc; path = MazeTests.m; sourceTree = "<group>"; };
		DFA2228F220B7F07002F22F9 /* Info.plist */ = {isa = PBXFileReference; lastKnownFileType = text.plist.xml; path = Info.plist; sourceTree = "<group>"; };
		DFA22294220B7F07002F22F9 /* MazeUITests.xctest */ = {isa = PBXFileReference; explicitFileType = wrapper.cfbundle; includeInIndex = 0; path = MazeUITests.xctest; sourceTree = BUILT_PRODUCTS_DIR; };
		DFA22298220B7F07002F22F9 /* MazeUITests.m */ = {isa = PBXFileReference; lastKnownFileType = sourcecode.c.objc; path = MazeUITests.m; sourceTree = "<group>"; };
		DFA2229A220B7F07002F22F9 /* Info.plist */ = {isa = PBXFileReference; lastKnownFileType = text.plist.xml; path = Info.plist; sourceTree = "<group>"; };
		DFA222A6220B7F27002F22F9 /* DisjointSet.cpp */ = {isa = PBXFileReference; fileEncoding = 4; lastKnownFileType = sourcecode.cpp.cpp; path = DisjointSet.cpp; sourceTree = "<group>"; };
		DFA222A7220B7F27002F22F9 /* maze.hpp */ = {isa = PBXFileReference; fileEncoding = 4; lastKnownFileType = sourcecode.cpp.h; path = maze.hpp; sourceTree = "<group>"; };
		DFA222A8220B7F28002F22F9 /* DisjointSet.hpp */ = {isa = PBXFileReference; fileEncoding = 4; lastKnownFileType = sourcecode.cpp.h; path = DisjointSet.hpp; sourceTree = "<group>"; };
		DFA222A9220B7F28002F22F9 /* maze.cpp */ = {isa = PBXFileReference; fileEncoding = 4; lastKnownFileType = sourcecode.cpp.cpp; path = maze.cpp; sourceTree = "<group>"; };
		DFA222AC220B8136002F22F9 /* MazeRenderer.mm */ = {isa = PBXFileReference; lastKnownFileType = sourcecode.cpp.objcpp; path = MazeRenderer.mm; sourceTree = "<group>"; };
		DFA222AE220B8152002F22F9 /* MazeRenderer.h */ = {isa = PBXFileReference; lastKnownFileType = sourcecode.c.h; path = MazeRenderer.h; sourceTree = "<group>"; };
		DFA222AF220B89F9002F22F9 /* GLESRenderer.hpp */ = {isa = PBXFileReference; fileEncoding = 4; lastKnownFileType = sourcecode.cpp.h; path = GLESRenderer.hpp; sourceTree = "<group>"; };
		DFA222B1220B89F9002F22F9 /* GLESRenderer.cpp */ = {isa = PBXFileReference; fileEncoding = 4; lastKnownFileType = sourcecode.cpp.cpp; path = GLESRenderer.cpp; sourceTree = "<group>"; };
		DFDC8A9D222F1FE400F5F499 /* NGLView.m */ = {isa = PBXFileReference; lastKnownFileType = sourcecode.c.objc; path = NGLView.m; sourceTree = "<group>"; };
		DFDC8A9F222F207700F5F499 /* NGLView.h */ = {isa = PBXFileReference; lastKnownFileType = sourcecode.c.h; path = NGLView.h; sourceTree = "<group>"; };
		DFDC8AA1222F6C0600F5F499 /* NGLEngine.h */ = {isa = PBXFileReference; lastKnownFileType = sourcecode.c.h; path = NGLEngine.h; sourceTree = "<group>"; };
		DFDC8AA2222F6C2300F5F499 /* NGLEngine.m */ = {isa = PBXFileReference; explicitFileType = sourcecode.c.objc; path = NGLEngine.m; sourceTree = "<group>"; };
		DFDC8AA4222F6C3700F5F499 /* NGLFunctions.m */ = {isa = PBXFileReference; lastKnownFileType = sourcecode.c.objc; path = NGLFunctions.m; sourceTree = "<group>"; };
		DFDC8AA6222F6C6300F5F499 /* NGLFunctions.h */ = {isa = PBXFileReference; lastKnownFileType = sourcecode.c.h; path = NGLFunctions.h; sourceTree = "<group>"; };
		DFFB7D80223F4F10002EE010 /* GLUtils.h */ = {isa = PBXFileReference; fileEncoding = 4; lastKnownFileType = sourcecode.c.h; path = GLUtils.h; sourceTree = "<group>"; };
		DFFB7D81223F4F10002EE010 /* Model3D.mm */ = {isa = PBXFileReference; fileEncoding = 4; lastKnownFileType = sourcecode.cpp.objcpp; path = Model3D.mm; sourceTree = "<group>"; };
		DFFB7D82223F4F11002EE010 /* GLUtils.m */ = {isa = PBXFileReference; fileEncoding = 4; lastKnownFileType = sourcecode.c.objc; path = GLUtils.m; sourceTree = "<group>"; };
		DFFB7D83223F4F11002EE010 /* Texture2D.mm */ = {isa = PBXFileReference; fileEncoding = 4; lastKnownFileType = sourcecode.cpp.objcpp; path = Texture2D.mm; sourceTree = "<group>"; };
		DFFB7D85223F4F11002EE010 /* Model3D.h */ = {isa = PBXFileReference; fileEncoding = 4; lastKnownFileType = sourcecode.c.h; path = Model3D.h; sourceTree = "<group>"; };
		DFFB7D86223F4F11002EE010 /* Texture2D.h */ = {isa = PBXFileReference; fileEncoding = 4; lastKnownFileType = sourcecode.c.h; path = Texture2D.h; sourceTree = "<group>"; };
		DFFB7D8B223F5228002EE010 /* ObjSample.h */ = {isa = PBXFileReference; fileEncoding = 4; lastKnownFileType = sourcecode.c.h; path = ObjSample.h; sourceTree = "<group>"; };
		DFFB7D8C223F5228002EE010 /* ObjSample.mm */ = {isa = PBXFileReference; fileEncoding = 4; lastKnownFileType = sourcecode.cpp.objcpp; path = ObjSample.mm; sourceTree = "<group>"; };
		DFFB7D8D223F5228002EE010 /* sample.mtl */ = {isa = PBXFileReference; fileEncoding = 4; lastKnownFileType = text; path = sample.mtl; sourceTree = "<group>"; };
		DFFB7D8E223F5228002EE010 /* sample.jpg */ = {isa = PBXFileReference; lastKnownFileType = image.jpeg; path = sample.jpg; sourceTree = "<group>"; };
		DFFB7D8F223F5228002EE010 /* sample.obj */ = {isa = PBXFileReference; fileEncoding = 4; lastKnownFileType = text; path = sample.obj; sourceTree = "<group>"; };
		DFFC1162223190B9001DB2CF /* NGLProgram.m */ = {isa = PBXFileReference; lastKnownFileType = sourcecode.c.objc; path = NGLProgram.m; sourceTree = "<group>"; };
		DFFC1164223190CC001DB2CF /* NGLProgram.h */ = {isa = PBXFileReference; lastKnownFileType = sourcecode.c.h; path = NGLProgram.h; sourceTree = "<group>"; };
		DFFC11652231E94F001DB2CF /* MazeView.h */ = {isa = PBXFileReference; lastKnownFileType = sourcecode.c.h; path = MazeView.h; sourceTree = "<group>"; };
		DFFC11662231E967001DB2CF /* MazeView.mm */ = {isa = PBXFileReference; lastKnownFileType = sourcecode.cpp.objcpp; path = MazeView.mm; sourceTree = "<group>"; };
		DFFC11682231F71D001DB2CF /* Shader.vertsh */ = {isa = PBXFileReference; fileEncoding = 4; lastKnownFileType = text; path = Shader.vertsh; sourceTree = "<group>"; };
		DFFC11692231F71D001DB2CF /* Shader.fragsh */ = {isa = PBXFileReference; fileEncoding = 4; lastKnownFileType = text; path = Shader.fragsh; sourceTree = "<group>"; };
		DFFC116C223228CE001DB2CF /* south.jpg */ = {isa = PBXFileReference; lastKnownFileType = image.jpeg; path = south.jpg; sourceTree = "<group>"; };
		DFFC116D223228CE001DB2CF /* north.jpg */ = {isa = PBXFileReference; lastKnownFileType = image.jpeg; path = north.jpg; sourceTree = "<group>"; };
		DFFC116E223228CE001DB2CF /* east.jpg */ = {isa = PBXFileReference; lastKnownFileType = image.jpeg; path = east.jpg; sourceTree = "<group>"; };
		DFFC116F223228CE001DB2CF /* west.jpg */ = {isa = PBXFileReference; lastKnownFileType = image.jpeg; path = west.jpg; sourceTree = "<group>"; };
		DFFC117722331874001DB2CF /* NGLTextureCache.h */ = {isa = PBXFileReference; lastKnownFileType = sourcecode.c.h; path = NGLTextureCache.h; sourceTree = "<group>"; };
		DFFC11782233187F001DB2CF /* NGLTextureCache.m */ = {isa = PBXFileReference; lastKnownFileType = sourcecode.c.objc; path = NGLTextureCache.m; sourceTree = "<group>"; };
		DFFC117A22332B54001DB2CF /* NGLTexture.m */ = {isa = PBXFileReference; lastKnownFileType = sourcecode.c.objc; path = NGLTexture.m; sourceTree = "<group>"; };
		DFFC117C22332B64001DB2CF /* NGLTexture.h */ = {isa = PBXFileReference; lastKnownFileType = sourcecode.c.h; path = NGLTexture.h; sourceTree = "<group>"; };
		DFFC117E22344BBE001DB2CF /* NGLShader.h */ = {isa = PBXFileReference; lastKnownFileType = sourcecode.c.h; path = NGLShader.h; sourceTree = "<group>"; };
		DFFC117F22344BCD001DB2CF /* NGLShader.m */ = {isa = PBXFileReference; lastKnownFileType = sourcecode.c.objc; path = NGLShader.m; sourceTree = "<group>"; };
		DFFC11A02234AF06001DB2CF /* NGLObject.m */ = {isa = PBXFileReference; lastKnownFileType = sourcecode.c.objc; path = NGLObject.m; sourceTree = "<group>"; };
		DFFC11A22234AF17001DB2CF /* NGLObject.h */ = {isa = PBXFileReference; lastKnownFileType = sourcecode.c.h; path = NGLObject.h; sourceTree = "<group>"; };
/* End PBXFileReference section */

/* Begin PBXFrameworksBuildPhase section */
		DFA2226E220B7F06002F22F9 /* Frameworks */ = {
			isa = PBXFrameworksBuildPhase;
			buildActionMask = 2147483647;
			files = (
			);
			runOnlyForDeploymentPostprocessing = 0;
		};
		DFA22286220B7F07002F22F9 /* Frameworks */ = {
			isa = PBXFrameworksBuildPhase;
			buildActionMask = 2147483647;
			files = (
			);
			runOnlyForDeploymentPostprocessing = 0;
		};
		DFA22291220B7F07002F22F9 /* Frameworks */ = {
			isa = PBXFrameworksBuildPhase;
			buildActionMask = 2147483647;
			files = (
			);
			runOnlyForDeploymentPostprocessing = 0;
		};
/* End PBXFrameworksBuildPhase section */

/* Begin PBXGroup section */
		DF0B5069225E9DD9005620CA /* Dog */ = {
			isa = PBXGroup;
			children = (
				DF0B506A225E9DD9005620CA /* Dog.obj */,
				DF0B506B225E9DD9005620CA /* Dog.mtl */,
				DF0B506C225E9DD9005620CA /* Dog_diffuse.jpg */,
			);
			path = Dog;
			sourceTree = "<group>";
		};
		DF0B5070225E9DE3005620CA /* Enemy */ = {
			isa = PBXGroup;
			children = (
				DF0B5071225E9F25005620CA /* Dog.h */,
				DF0B5072225E9F36005620CA /* Dog.m */,
				DF0B5074225EA1CB005620CA /* EnemyController.m */,
				DF0B5076225EA1DD005620CA /* EnemyController.h */,
			);
			path = Enemy;
			sourceTree = "<group>";
		};
		DF5FC1B42235A3E800C06A6D /* Assets */ = {
			isa = PBXGroup;
			children = (
				DF0B5069225E9DD9005620CA /* Dog */,
				DF5FC1B62235B99900C06A6D /* crate.jpg */,
				DF5FC1B22235A16600C06A6D /* floor.jpg */,
				DFFC116E223228CE001DB2CF /* east.jpg */,
				DFFC116D223228CE001DB2CF /* north.jpg */,
				DFFC116C223228CE001DB2CF /* south.jpg */,
				DFFC116F223228CE001DB2CF /* west.jpg */,
			);
			path = Assets;
			sourceTree = "<group>";
		};
		DF5FC1B52235A41A00C06A6D /* MazeCreater */ = {
			isa = PBXGroup;
			children = (
				DFA222A6220B7F27002F22F9 /* DisjointSet.cpp */,
				DFA222A8220B7F28002F22F9 /* DisjointSet.hpp */,
				DFA222A9220B7F28002F22F9 /* maze.cpp */,
				DFA222A7220B7F27002F22F9 /* maze.hpp */,
			);
			path = MazeCreater;
			sourceTree = "<group>";
		};
		DF5FC1B82235BF5300C06A6D /* MazeMinmap */ = {
			isa = PBXGroup;
			children = (
				DF5FC1B922361E3F00C06A6D /* MinimapViewController.xib */,
				DF5FC1BB22361E5B00C06A6D /* MinimapViewController.mm */,
				DF5FC1BD22361E6C00C06A6D /* MinimapViewController.h */,
			);
			path = MazeMinmap;
			sourceTree = "<group>";
		};
		DFA22268220B7F06002F22F9 = {
			isa = PBXGroup;
			children = (
				DFA22273220B7F06002F22F9 /* Maze */,
				DFA2228C220B7F07002F22F9 /* MazeTests */,
				DFA22297220B7F07002F22F9 /* MazeUITests */,
				DFA22272220B7F06002F22F9 /* Products */,
				DFC0C6292241712F0029756B /* Frameworks */,
			);
			sourceTree = "<group>";
		};
		DFA22272220B7F06002F22F9 /* Products */ = {
			isa = PBXGroup;
			children = (
				DFA22271220B7F06002F22F9 /* Maze.app */,
				DFA22289220B7F07002F22F9 /* MazeTests.xctest */,
				DFA22294220B7F07002F22F9 /* MazeUITests.xctest */,
			);
			name = Products;
			sourceTree = "<group>";
		};
		DFA22273220B7F06002F22F9 /* Maze */ = {
			isa = PBXGroup;
			children = (
				DFA2227D220B7F06002F22F9 /* Assets.xcassets */,
				DF5FC1B42235A3E800C06A6D /* Assets */,
				DF5FC1B52235A41A00C06A6D /* MazeCreater */,
				DFDC8A9C222F1B2200F5F499 /* NGLEngine */,
				DFA22282220B7F06002F22F9 /* Info.plist */,
				DF0CB2B5223A024D00C45BE3 /* icon.png */,
				DF0B5070225E9DE3005620CA /* Enemy */,
				DF5FC1B82235BF5300C06A6D /* MazeMinmap */,
				DFA222B1220B89F9002F22F9 /* GLESRenderer.cpp */,
				DFA222AF220B89F9002F22F9 /* GLESRenderer.hpp */,
				DFA2227F220B7F06002F22F9 /* LaunchScreen.storyboard */,
				DFA22283220B7F06002F22F9 /* main.m */,
				DFA2227A220B7F06002F22F9 /* Main.storyboard */,
				DFA22277220B7F06002F22F9 /* ViewController.h */,
				DFA22278220B7F06002F22F9 /* ViewController.mm */,
				DFFC11652231E94F001DB2CF /* MazeView.h */,
				DFFC11662231E967001DB2CF /* MazeView.mm */,
				DF2CB4D42221F26100692105 /* Wall.h */,
				DF2CB4D22221F25100692105 /* Wall.mm */,
				DFDC8A9B222F1B0300F5F499 /* SupportFiles */,
			);
			path = Maze;
			sourceTree = "<group>";
		};
		DFA2228C220B7F07002F22F9 /* MazeTests */ = {
			isa = PBXGroup;
			children = (
				DFA2228D220B7F07002F22F9 /* MazeTests.m */,
				DFA2228F220B7F07002F22F9 /* Info.plist */,
			);
			path = MazeTests;
			sourceTree = "<group>";
		};
		DFA22297220B7F07002F22F9 /* MazeUITests */ = {
			isa = PBXGroup;
			children = (
				DFA22298220B7F07002F22F9 /* MazeUITests.m */,
				DFA2229A220B7F07002F22F9 /* Info.plist */,
			);
			path = MazeUITests;
			sourceTree = "<group>";
		};
		DFC0C6292241712F0029756B /* Frameworks */ = {
			isa = PBXGroup;
			children = (
			);
			name = Frameworks;
			sourceTree = "<group>";
		};
		DFDC8A9B222F1B0300F5F499 /* SupportFiles */ = {
			isa = PBXGroup;
			children = (
				DF2CB4CF2221F20D00692105 /* ZLModel.mm */,
				DF2CB4D12221F22800692105 /* ZLModel.h */,
				DFA222AC220B8136002F22F9 /* MazeRenderer.mm */,
				DFA222AE220B8152002F22F9 /* MazeRenderer.h */,
				DFA22275220B7F06002F22F9 /* AppDelegate.m */,
				DFA22274220B7F06002F22F9 /* AppDelegate.h */,
			);
			path = SupportFiles;
			sourceTree = "<group>";
		};
		DFDC8A9C222F1B2200F5F499 /* NGLEngine */ = {
			isa = PBXGroup;
			children = (
				DFFB7D8A223F51A5002EE010 /* Demo */,
				DFFB7D7F223F4EE7002EE010 /* ObjLoader */,
				DFFC117D22344B27001DB2CF /* Shader */,
				DFDC8A9F222F207700F5F499 /* NGLView.h */,
				DFDC8A9D222F1FE400F5F499 /* NGLView.m */,
				DFDC8AA1222F6C0600F5F499 /* NGLEngine.h */,
				DFDC8AA2222F6C2300F5F499 /* NGLEngine.m */,
				DFDC8AA6222F6C6300F5F499 /* NGLFunctions.h */,
				DFDC8AA4222F6C3700F5F499 /* NGLFunctions.m */,
				DFFC1164223190CC001DB2CF /* NGLProgram.h */,
				DFFC1162223190B9001DB2CF /* NGLProgram.m */,
				DFFC117722331874001DB2CF /* NGLTextureCache.h */,
				DFFC11782233187F001DB2CF /* NGLTextureCache.m */,
				DFFC117C22332B64001DB2CF /* NGLTexture.h */,
				DFFC117A22332B54001DB2CF /* NGLTexture.m */,
				DFFC11A22234AF17001DB2CF /* NGLObject.h */,
				DFFC11A02234AF06001DB2CF /* NGLObject.m */,
				DF0962F2223DAE340013EB43 /* NGLCamera.h */,
				DF0962F3223DAE4B0013EB43 /* NGLCamera.m */,
				DF216686224317B300E3114C /* NGLModel.h */,
				DF216684224317A100E3114C /* NGLModel.mm */,
			);
			path = NGLEngine;
			sourceTree = "<group>";
		};
		DFFB7D7F223F4EE7002EE010 /* ObjLoader */ = {
			isa = PBXGroup;
			children = (
				DFFB7D80223F4F10002EE010 /* GLUtils.h */,
				DFFB7D82223F4F11002EE010 /* GLUtils.m */,
				DFFB7D85223F4F11002EE010 /* Model3D.h */,
				DFFB7D81223F4F10002EE010 /* Model3D.mm */,
				DFFB7D86223F4F11002EE010 /* Texture2D.h */,
				DFFB7D83223F4F11002EE010 /* Texture2D.mm */,
			);
			path = ObjLoader;
			sourceTree = "<group>";
		};
		DFFB7D8A223F51A5002EE010 /* Demo */ = {
			isa = PBXGroup;
			children = (
				DF21668B2243409C00E3114C /* Cube.h */,
				DF21668A2243409C00E3114C /* Cube.mm */,
				DF21667D2243157D00E3114C /* brick.mtl */,
				DF21667B2243157D00E3114C /* brick.obj */,
				DF21667C2243157D00E3114C /* brick.png */,
				DF21667F2243157E00E3114C /* ObjBrick.h */,
				DF21667E2243157E00E3114C /* ObjBrick.mm */,
				DFFB7D8B223F5228002EE010 /* ObjSample.h */,
				DFFB7D8C223F5228002EE010 /* ObjSample.mm */,
				DFFB7D8E223F5228002EE010 /* sample.jpg */,
				DFFB7D8D223F5228002EE010 /* sample.mtl */,
				DFFB7D8F223F5228002EE010 /* sample.obj */,
			);
			path = Demo;
			sourceTree = "<group>";
		};
		DFFC117D22344B27001DB2CF /* Shader */ = {
			isa = PBXGroup;
			children = (
				DFFC11692231F71D001DB2CF /* Shader.fragsh */,
				DFFC11682231F71D001DB2CF /* Shader.vertsh */,
				DFFC117E22344BBE001DB2CF /* NGLShader.h */,
				DFFC117F22344BCD001DB2CF /* NGLShader.m */,
			);
			path = Shader;
			sourceTree = "<group>";
		};
/* End PBXGroup section */

/* Begin PBXNativeTarget section */
		DFA22270220B7F06002F22F9 /* Maze */ = {
			isa = PBXNativeTarget;
			buildConfigurationList = DFA2229D220B7F07002F22F9 /* Build configuration list for PBXNativeTarget "Maze" */;
			buildPhases = (
				DFA2226D220B7F06002F22F9 /* Sources */,
				DFA2226E220B7F06002F22F9 /* Frameworks */,
				DFA2226F220B7F06002F22F9 /* Resources */,
			);
			buildRules = (
			);
			dependencies = (
			);
			name = Maze;
			productName = Maze;
			productReference = DFA22271220B7F06002F22F9 /* Maze.app */;
			productType = "com.apple.product-type.application";
		};
		DFA22288220B7F07002F22F9 /* MazeTests */ = {
			isa = PBXNativeTarget;
			buildConfigurationList = DFA222A0220B7F07002F22F9 /* Build configuration list for PBXNativeTarget "MazeTests" */;
			buildPhases = (
				DFA22285220B7F07002F22F9 /* Sources */,
				DFA22286220B7F07002F22F9 /* Frameworks */,
				DFA22287220B7F07002F22F9 /* Resources */,
			);
			buildRules = (
			);
			dependencies = (
				DFA2228B220B7F07002F22F9 /* PBXTargetDependency */,
			);
			name = MazeTests;
			productName = MazeTests;
			productReference = DFA22289220B7F07002F22F9 /* MazeTests.xctest */;
			productType = "com.apple.product-type.bundle.unit-test";
		};
		DFA22293220B7F07002F22F9 /* MazeUITests */ = {
			isa = PBXNativeTarget;
			buildConfigurationList = DFA222A3220B7F07002F22F9 /* Build configuration list for PBXNativeTarget "MazeUITests" */;
			buildPhases = (
				DFA22290220B7F07002F22F9 /* Sources */,
				DFA22291220B7F07002F22F9 /* Frameworks */,
				DFA22292220B7F07002F22F9 /* Resources */,
			);
			buildRules = (
			);
			dependencies = (
				DFA22296220B7F07002F22F9 /* PBXTargetDependency */,
			);
			name = MazeUITests;
			productName = MazeUITests;
			productReference = DFA22294220B7F07002F22F9 /* MazeUITests.xctest */;
			productType = "com.apple.product-type.bundle.ui-testing";
		};
/* End PBXNativeTarget section */

/* Begin PBXProject section */
		DFA22269220B7F06002F22F9 /* Project object */ = {
			isa = PBXProject;
			attributes = {
				LastUpgradeCheck = 1010;
				ORGANIZATIONNAME = bcit;
				TargetAttributes = {
					DFA22270220B7F06002F22F9 = {
						CreatedOnToolsVersion = 10.1;
					};
					DFA22288220B7F07002F22F9 = {
						CreatedOnToolsVersion = 10.1;
						TestTargetID = DFA22270220B7F06002F22F9;
					};
					DFA22293220B7F07002F22F9 = {
						CreatedOnToolsVersion = 10.1;
						TestTargetID = DFA22270220B7F06002F22F9;
					};
				};
			};
			buildConfigurationList = DFA2226C220B7F06002F22F9 /* Build configuration list for PBXProject "Maze" */;
			compatibilityVersion = "Xcode 9.3";
			developmentRegion = en;
			hasScannedForEncodings = 0;
			knownRegions = (
				en,
				Base,
			);
			mainGroup = DFA22268220B7F06002F22F9;
			productRefGroup = DFA22272220B7F06002F22F9 /* Products */;
			projectDirPath = "";
			projectRoot = "";
			targets = (
				DFA22270220B7F06002F22F9 /* Maze */,
				DFA22288220B7F07002F22F9 /* MazeTests */,
				DFA22293220B7F07002F22F9 /* MazeUITests */,
			);
		};
/* End PBXProject section */

/* Begin PBXResourcesBuildPhase section */
		DFA2226F220B7F06002F22F9 /* Resources */ = {
			isa = PBXResourcesBuildPhase;
			buildActionMask = 2147483647;
			files = (
				DFFC116A2231F71D001DB2CF /* Shader.vertsh in Resources */,
				DF5FC1B72235B99900C06A6D /* crate.jpg in Resources */,
				DFFC1172223228CE001DB2CF /* east.jpg in Resources */,
				DF5FC1B32235A16600C06A6D /* floor.jpg in Resources */,
				DFFB7D92223F5228002EE010 /* sample.jpg in Resources */,
				DFFB7D93223F5228002EE010 /* sample.obj in Resources */,
				DF2166802243157E00E3114C /* brick.obj in Resources */,
				DFA22281220B7F06002F22F9 /* LaunchScreen.storyboard in Resources */,
				DFFC1173223228CE001DB2CF /* west.jpg in Resources */,
				DFFC1171223228CE001DB2CF /* north.jpg in Resources */,
				DFFC1170223228CE001DB2CF /* south.jpg in Resources */,
				DF2166812243157E00E3114C /* brick.png in Resources */,
				DF0CB2B6223A024D00C45BE3 /* icon.png in Resources */,
				DF0B506F225E9DD9005620CA /* Dog_diffuse.jpg in Resources */,
				DF2166822243157E00E3114C /* brick.mtl in Resources */,
				DF0B506D225E9DD9005620CA /* Dog.obj in Resources */,
				DF0B506E225E9DD9005620CA /* Dog.mtl in Resources */,
				DFA2227E220B7F06002F22F9 /* Assets.xcassets in Resources */,
				DFA2227C220B7F06002F22F9 /* Main.storyboard in Resources */,
				DFFB7D91223F5228002EE010 /* sample.mtl in Resources */,
				DFFC116B2231F71D001DB2CF /* Shader.fragsh in Resources */,
				DF5FC1BA22361E3F00C06A6D /* MinimapViewController.xib in Resources */,
			);
			runOnlyForDeploymentPostprocessing = 0;
		};
		DFA22287220B7F07002F22F9 /* Resources */ = {
			isa = PBXResourcesBuildPhase;
			buildActionMask = 2147483647;
			files = (
			);
			runOnlyForDeploymentPostprocessing = 0;
		};
		DFA22292220B7F07002F22F9 /* Resources */ = {
			isa = PBXResourcesBuildPhase;
			buildActionMask = 2147483647;
			files = (
			);
			runOnlyForDeploymentPostprocessing = 0;
		};
/* End PBXResourcesBuildPhase section */

/* Begin PBXSourcesBuildPhase section */
		DFA2226D220B7F06002F22F9 /* Sources */ = {
			isa = PBXSourcesBuildPhase;
			buildActionMask = 2147483647;
			files = (
				DF2CB4D02221F20D00692105 /* ZLModel.mm in Sources */,
				DFA222AA220B7F28002F22F9 /* DisjointSet.cpp in Sources */,
				DF2CB4D32221F25100692105 /* Wall.mm in Sources */,
				DFFC117B22332B54001DB2CF /* NGLTexture.m in Sources */,
				DFFB7D90223F5228002EE010 /* ObjSample.mm in Sources */,
				DFFC11672231E967001DB2CF /* MazeView.mm in Sources */,
				DF0B5075225EA1CB005620CA /* EnemyController.m in Sources */,
				DFA222B4220B89F9002F22F9 /* GLESRenderer.cpp in Sources */,
				DFA222AD220B8136002F22F9 /* MazeRenderer.mm in Sources */,
				DF0962F4223DAE4B0013EB43 /* NGLCamera.m in Sources */,
				DFFC11A12234AF06001DB2CF /* NGLObject.m in Sources */,
				DFDC8A9E222F1FE400F5F499 /* NGLView.m in Sources */,
				DFFB7D87223F4F11002EE010 /* Model3D.mm in Sources */,
				DFA22279220B7F06002F22F9 /* ViewController.mm in Sources */,
				DF216685224317A100E3114C /* NGLModel.mm in Sources */,
				DFFC1163223190B9001DB2CF /* NGLProgram.m in Sources */,
				DF21668C2243409C00E3114C /* Cube.mm in Sources */,
				DFFC11792233187F001DB2CF /* NGLTextureCache.m in Sources */,
				DF5FC1BC22361E5B00C06A6D /* MinimapViewController.mm in Sources */,
				DF0B5073225E9F36005620CA /* Dog.m in Sources */,
				DFA22284220B7F06002F22F9 /* main.m in Sources */,
				DF2166832243157E00E3114C /* ObjBrick.mm in Sources */,
				DFA222AB220B7F28002F22F9 /* maze.cpp in Sources */,
				DFDC8AA3222F6C2300F5F499 /* NGLEngine.m in Sources */,
				DFFC118022344BCD001DB2CF /* NGLShader.m in Sources */,
				DFFB7D89223F4F11002EE010 /* Texture2D.mm in Sources */,
				DFA22276220B7F06002F22F9 /* AppDelegate.m in Sources */,
				DFDC8AA5222F6C3700F5F499 /* NGLFunctions.m in Sources */,
				DFFB7D88223F4F11002EE010 /* GLUtils.m in Sources */,
			);
			runOnlyForDeploymentPostprocessing = 0;
		};
		DFA22285220B7F07002F22F9 /* Sources */ = {
			isa = PBXSourcesBuildPhase;
			buildActionMask = 2147483647;
			files = (
				DFA2228E220B7F07002F22F9 /* MazeTests.m in Sources */,
			);
			runOnlyForDeploymentPostprocessing = 0;
		};
		DFA22290220B7F07002F22F9 /* Sources */ = {
			isa = PBXSourcesBuildPhase;
			buildActionMask = 2147483647;
			files = (
				DFA22299220B7F07002F22F9 /* MazeUITests.m in Sources */,
			);
			runOnlyForDeploymentPostprocessing = 0;
		};
/* End PBXSourcesBuildPhase section */

/* Begin PBXTargetDependency section */
		DFA2228B220B7F07002F22F9 /* PBXTargetDependency */ = {
			isa = PBXTargetDependency;
			target = DFA22270220B7F06002F22F9 /* Maze */;
			targetProxy = DFA2228A220B7F07002F22F9 /* PBXContainerItemProxy */;
		};
		DFA22296220B7F07002F22F9 /* PBXTargetDependency */ = {
			isa = PBXTargetDependency;
			target = DFA22270220B7F06002F22F9 /* Maze */;
			targetProxy = DFA22295220B7F07002F22F9 /* PBXContainerItemProxy */;
		};
/* End PBXTargetDependency section */

/* Begin PBXVariantGroup section */
		DFA2227A220B7F06002F22F9 /* Main.storyboard */ = {
			isa = PBXVariantGroup;
			children = (
				DFA2227B220B7F06002F22F9 /* Base */,
			);
			name = Main.storyboard;
			sourceTree = "<group>";
		};
		DFA2227F220B7F06002F22F9 /* LaunchScreen.storyboard */ = {
			isa = PBXVariantGroup;
			children = (
				DFA22280220B7F06002F22F9 /* Base */,
			);
			name = LaunchScreen.storyboard;
			sourceTree = "<group>";
		};
/* End PBXVariantGroup section */

/* Begin XCBuildConfiguration section */
		DFA2229B220B7F07002F22F9 /* Debug */ = {
			isa = XCBuildConfiguration;
			buildSettings = {
				ALWAYS_SEARCH_USER_PATHS = NO;
				CLANG_ANALYZER_NONNULL = YES;
				CLANG_ANALYZER_NUMBER_OBJECT_CONVERSION = YES_AGGRESSIVE;
				CLANG_CXX_LANGUAGE_STANDARD = "gnu++14";
				CLANG_CXX_LIBRARY = "libc++";
				CLANG_ENABLE_MODULES = YES;
				CLANG_ENABLE_OBJC_ARC = YES;
				CLANG_ENABLE_OBJC_WEAK = YES;
				CLANG_WARN_BLOCK_CAPTURE_AUTORELEASING = YES;
				CLANG_WARN_BOOL_CONVERSION = YES;
				CLANG_WARN_COMMA = YES;
				CLANG_WARN_CONSTANT_CONVERSION = YES;
				CLANG_WARN_DEPRECATED_OBJC_IMPLEMENTATIONS = YES;
				CLANG_WARN_DIRECT_OBJC_ISA_USAGE = YES_ERROR;
				CLANG_WARN_DOCUMENTATION_COMMENTS = YES;
				CLANG_WARN_EMPTY_BODY = YES;
				CLANG_WARN_ENUM_CONVERSION = YES;
				CLANG_WARN_INFINITE_RECURSION = YES;
				CLANG_WARN_INT_CONVERSION = YES;
				CLANG_WARN_NON_LITERAL_NULL_CONVERSION = YES;
				CLANG_WARN_OBJC_IMPLICIT_RETAIN_SELF = YES;
				CLANG_WARN_OBJC_LITERAL_CONVERSION = YES;
				CLANG_WARN_OBJC_ROOT_CLASS = YES_ERROR;
				CLANG_WARN_RANGE_LOOP_ANALYSIS = YES;
				CLANG_WARN_STRICT_PROTOTYPES = YES;
				CLANG_WARN_SUSPICIOUS_MOVE = YES;
				CLANG_WARN_UNGUARDED_AVAILABILITY = YES_AGGRESSIVE;
				CLANG_WARN_UNREACHABLE_CODE = YES;
				CLANG_WARN__DUPLICATE_METHOD_MATCH = YES;
				CODE_SIGN_IDENTITY = "iPhone Developer";
				COPY_PHASE_STRIP = NO;
				DEBUG_INFORMATION_FORMAT = dwarf;
				ENABLE_STRICT_OBJC_MSGSEND = YES;
				ENABLE_TESTABILITY = YES;
				GCC_C_LANGUAGE_STANDARD = gnu11;
				GCC_DYNAMIC_NO_PIC = NO;
				GCC_NO_COMMON_BLOCKS = YES;
				GCC_OPTIMIZATION_LEVEL = 0;
				GCC_PREPROCESSOR_DEFINITIONS = (
					"DEBUG=1",
					"$(inherited)",
				);
				GCC_WARN_64_TO_32_BIT_CONVERSION = YES;
				GCC_WARN_ABOUT_RETURN_TYPE = YES_ERROR;
				GCC_WARN_UNDECLARED_SELECTOR = YES;
				GCC_WARN_UNINITIALIZED_AUTOS = YES_AGGRESSIVE;
				GCC_WARN_UNUSED_FUNCTION = YES;
				GCC_WARN_UNUSED_VARIABLE = YES;
				IPHONEOS_DEPLOYMENT_TARGET = 12.1;
				MTL_ENABLE_DEBUG_INFO = INCLUDE_SOURCE;
				MTL_FAST_MATH = YES;
				ONLY_ACTIVE_ARCH = NO;
				SDKROOT = iphoneos;
			};
			name = Debug;
		};
		DFA2229C220B7F07002F22F9 /* Release */ = {
			isa = XCBuildConfiguration;
			buildSettings = {
				ALWAYS_SEARCH_USER_PATHS = NO;
				CLANG_ANALYZER_NONNULL = YES;
				CLANG_ANALYZER_NUMBER_OBJECT_CONVERSION = YES_AGGRESSIVE;
				CLANG_CXX_LANGUAGE_STANDARD = "gnu++14";
				CLANG_CXX_LIBRARY = "libc++";
				CLANG_ENABLE_MODULES = YES;
				CLANG_ENABLE_OBJC_ARC = YES;
				CLANG_ENABLE_OBJC_WEAK = YES;
				CLANG_WARN_BLOCK_CAPTURE_AUTORELEASING = YES;
				CLANG_WARN_BOOL_CONVERSION = YES;
				CLANG_WARN_COMMA = YES;
				CLANG_WARN_CONSTANT_CONVERSION = YES;
				CLANG_WARN_DEPRECATED_OBJC_IMPLEMENTATIONS = YES;
				CLANG_WARN_DIRECT_OBJC_ISA_USAGE = YES_ERROR;
				CLANG_WARN_DOCUMENTATION_COMMENTS = YES;
				CLANG_WARN_EMPTY_BODY = YES;
				CLANG_WARN_ENUM_CONVERSION = YES;
				CLANG_WARN_INFINITE_RECURSION = YES;
				CLANG_WARN_INT_CONVERSION = YES;
				CLANG_WARN_NON_LITERAL_NULL_CONVERSION = YES;
				CLANG_WARN_OBJC_IMPLICIT_RETAIN_SELF = YES;
				CLANG_WARN_OBJC_LITERAL_CONVERSION = YES;
				CLANG_WARN_OBJC_ROOT_CLASS = YES_ERROR;
				CLANG_WARN_RANGE_LOOP_ANALYSIS = YES;
				CLANG_WARN_STRICT_PROTOTYPES = YES;
				CLANG_WARN_SUSPICIOUS_MOVE = YES;
				CLANG_WARN_UNGUARDED_AVAILABILITY = YES_AGGRESSIVE;
				CLANG_WARN_UNREACHABLE_CODE = YES;
				CLANG_WARN__DUPLICATE_METHOD_MATCH = YES;
				CODE_SIGN_IDENTITY = "iPhone Developer";
				COPY_PHASE_STRIP = NO;
				DEBUG_INFORMATION_FORMAT = "dwarf-with-dsym";
				ENABLE_NS_ASSERTIONS = NO;
				ENABLE_STRICT_OBJC_MSGSEND = YES;
				GCC_C_LANGUAGE_STANDARD = gnu11;
				GCC_NO_COMMON_BLOCKS = YES;
				GCC_WARN_64_TO_32_BIT_CONVERSION = YES;
				GCC_WARN_ABOUT_RETURN_TYPE = YES_ERROR;
				GCC_WARN_UNDECLARED_SELECTOR = YES;
				GCC_WARN_UNINITIALIZED_AUTOS = YES_AGGRESSIVE;
				GCC_WARN_UNUSED_FUNCTION = YES;
				GCC_WARN_UNUSED_VARIABLE = YES;
				IPHONEOS_DEPLOYMENT_TARGET = 12.1;
				MTL_ENABLE_DEBUG_INFO = NO;
				MTL_FAST_MATH = YES;
				ONLY_ACTIVE_ARCH = NO;
				SDKROOT = iphoneos;
				VALIDATE_PRODUCT = YES;
			};
			name = Release;
		};
		DFA2229E220B7F07002F22F9 /* Debug */ = {
			isa = XCBuildConfiguration;
			buildSettings = {
				ASSETCATALOG_COMPILER_APPICON_NAME = AppIcon;
				CODE_SIGN_STYLE = Automatic;
				DEVELOPMENT_TEAM = 3TKHC8Z843;
				INFOPLIST_FILE = Maze/Info.plist;
				IPHONEOS_DEPLOYMENT_TARGET = 9.0;
				LD_RUNPATH_SEARCH_PATHS = (
					"$(inherited)",
					"@executable_path/Frameworks",
				);
				ONLY_ACTIVE_ARCH = YES;
				PRODUCT_BUNDLE_IDENTIFIER = bcit.comp.Maze;
				PRODUCT_NAME = "$(TARGET_NAME)";
				TARGETED_DEVICE_FAMILY = "1,2";
				USER_HEADER_SEARCH_PATHS = "$(SRCROOT)/bullet3-master/src/";
			};
			name = Debug;
		};
		DFA2229F220B7F07002F22F9 /* Release */ = {
			isa = XCBuildConfiguration;
			buildSettings = {
				ASSETCATALOG_COMPILER_APPICON_NAME = AppIcon;
				CODE_SIGN_STYLE = Automatic;
				DEVELOPMENT_TEAM = 3TKHC8Z843;
				INFOPLIST_FILE = Maze/Info.plist;
				IPHONEOS_DEPLOYMENT_TARGET = 9.0;
				LD_RUNPATH_SEARCH_PATHS = (
					"$(inherited)",
					"@executable_path/Frameworks",
				);
				ONLY_ACTIVE_ARCH = YES;
				PRODUCT_BUNDLE_IDENTIFIER = bcit.comp.Maze;
				PRODUCT_NAME = "$(TARGET_NAME)";
				TARGETED_DEVICE_FAMILY = "1,2";
				USER_HEADER_SEARCH_PATHS = "$(SRCROOT)/bullet3-master/src/";
			};
			name = Release;
		};
		DFA222A1220B7F07002F22F9 /* Debug */ = {
			isa = XCBuildConfiguration;
			buildSettings = {
				BUNDLE_LOADER = "$(TEST_HOST)";
				CODE_SIGN_STYLE = Automatic;
				DEVELOPMENT_TEAM = 3TKHC8Z843;
				INFOPLIST_FILE = MazeTests/Info.plist;
				LD_RUNPATH_SEARCH_PATHS = (
					"$(inherited)",
					"@executable_path/Frameworks",
					"@loader_path/Frameworks",
				);
				PRODUCT_BUNDLE_IDENTIFIER = bcit.comp.MazeTests;
				PRODUCT_NAME = "$(TARGET_NAME)";
				TARGETED_DEVICE_FAMILY = "1,2";
				TEST_HOST = "$(BUILT_PRODUCTS_DIR)/Maze.app/Maze";
			};
			name = Debug;
		};
		DFA222A2220B7F07002F22F9 /* Release */ = {
			isa = XCBuildConfiguration;
			buildSettings = {
				BUNDLE_LOADER = "$(TEST_HOST)";
				CODE_SIGN_STYLE = Automatic;
				DEVELOPMENT_TEAM = 3TKHC8Z843;
				INFOPLIST_FILE = MazeTests/Info.plist;
				LD_RUNPATH_SEARCH_PATHS = (
					"$(inherited)",
					"@executable_path/Frameworks",
					"@loader_path/Frameworks",
				);
				PRODUCT_BUNDLE_IDENTIFIER = bcit.comp.MazeTests;
				PRODUCT_NAME = "$(TARGET_NAME)";
				TARGETED_DEVICE_FAMILY = "1,2";
				TEST_HOST = "$(BUILT_PRODUCTS_DIR)/Maze.app/Maze";
			};
			name = Release;
		};
		DFA222A4220B7F07002F22F9 /* Debug */ = {
			isa = XCBuildConfiguration;
			buildSettings = {
				CODE_SIGN_STYLE = Automatic;
				DEVELOPMENT_TEAM = 3TKHC8Z843;
				INFOPLIST_FILE = MazeUITests/Info.plist;
				LD_RUNPATH_SEARCH_PATHS = (
					"$(inherited)",
					"@executable_path/Frameworks",
					"@loader_path/Frameworks",
				);
				PRODUCT_BUNDLE_IDENTIFIER = bcit.comp.MazeUITests;
				PRODUCT_NAME = "$(TARGET_NAME)";
				TARGETED_DEVICE_FAMILY = "1,2";
				TEST_TARGET_NAME = Maze;
			};
			name = Debug;
		};
		DFA222A5220B7F07002F22F9 /* Release */ = {
			isa = XCBuildConfiguration;
			buildSettings = {
				CODE_SIGN_STYLE = Automatic;
				DEVELOPMENT_TEAM = 3TKHC8Z843;
				INFOPLIST_FILE = MazeUITests/Info.plist;
				LD_RUNPATH_SEARCH_PATHS = (
					"$(inherited)",
					"@executable_path/Frameworks",
					"@loader_path/Frameworks",
				);
				PRODUCT_BUNDLE_IDENTIFIER = bcit.comp.MazeUITests;
				PRODUCT_NAME = "$(TARGET_NAME)";
				TARGETED_DEVICE_FAMILY = "1,2";
				TEST_TARGET_NAME = Maze;
			};
			name = Release;
		};
/* End XCBuildConfiguration section */

/* Begin XCConfigurationList section */
		DFA2226C220B7F06002F22F9 /* Build configuration list for PBXProject "Maze" */ = {
			isa = XCConfigurationList;
			buildConfigurations = (
				DFA2229B220B7F07002F22F9 /* Debug */,
				DFA2229C220B7F07002F22F9 /* Release */,
			);
			defaultConfigurationIsVisible = 0;
			defaultConfigurationName = Release;
		};
		DFA2229D220B7F07002F22F9 /* Build configuration list for PBXNativeTarget "Maze" */ = {
			isa = XCConfigurationList;
			buildConfigurations = (
				DFA2229E220B7F07002F22F9 /* Debug */,
				DFA2229F220B7F07002F22F9 /* Release */,
			);
			defaultConfigurationIsVisible = 0;
			defaultConfigurationName = Release;
		};
		DFA222A0220B7F07002F22F9 /* Build configuration list for PBXNativeTarget "MazeTests" */ = {
			isa = XCConfigurationList;
			buildConfigurations = (
				DFA222A1220B7F07002F22F9 /* Debug */,
				DFA222A2220B7F07002F22F9 /* Release */,
			);
			defaultConfigurationIsVisible = 0;
			defaultConfigurationName = Release;
		};
		DFA222A3220B7F07002F22F9 /* Build configuration list for PBXNativeTarget "MazeUITests" */ = {
			isa = XCConfigurationList;
			buildConfigurations = (
				DFA222A4220B7F07002F22F9 /* Debug */,
				DFA222A5220B7F07002F22F9 /* Release */,
			);
			defaultConfigurationIsVisible = 0;
			defaultConfigurationName = Release;
		};
/* End XCConfigurationList section */
	};
	rootObject = DFA22269220B7F06002F22F9 /* Project object */;
}
